
Microsoft Visual Studio Solution File, Format Version 12.00
# Visual Studio Version 17
VisualStudioVersion = 17.9.34723.18
MinimumVisualStudioVersion = 10.0.40219.1
Project("{9A19103F-16F7-4668-BE54-9A1E7A4F7556}") = "SP 01. Processees", "SP 01. Processees\SP 01. Processees.csproj", "{6A2DEEDA-F254-49B7-961A-C6CFE20789AE}"
EndProject
Project("{2150E333-8FDC-42A3-9474-1A3956D46DE8}") = "SP 01", "SP 01", "{6C36C0A5-B887-41CE-8211-48D659CF262B}"
EndProject
Project("{2150E333-8FDC-42A3-9474-1A3956D46DE8}") = "SP 02", "SP 02", "{D5894D2C-A799-49D5-9254-A2346CC6A0C2}"
EndProject
Project("{9A19103F-16F7-4668-BE54-9A1E7A4F7556}") = "SP 02. Threads", "ConsoleApp1\SP 02. Threads.csproj", "{83ADCBA8-5429-4FE4-BFF8-FBA1ADB45BDA}"
EndProject
Project("{9A19103F-16F7-4668-BE54-9A1E7A4F7556}") = "SP 02. UI Thread", "SP 02. UI Thread\SP 02. UI Thread.csproj", "{6F56E044-DBB2-4F4A-A20F-0D881E7A8E9E}"
EndProject
Project("{2150E333-8FDC-42A3-9474-1A3956D46DE8}") = "SP 03", "SP 03", "{92AC456C-FA62-4778-B59B-4294B09BED40}"
EndProject
Project("{FAE04EC0-301F-11D3-BF4B-00C04F79EFBC}") = "SP 03. ThreadPool", "SP 03. ThreadPool\SP 03. ThreadPool.csproj", "{D0E54A90-6DB1-46DC-A530-DD5D3C8AF06F}"
EndProject
Project("{FAE04EC0-301F-11D3-BF4B-00C04F79EFBC}") = "SP 03. ThreadPool VS Thread", "SP 03. ThreadPool VS Thread\SP 03. ThreadPool VS Thread.csproj", "{45C44059-72F5-4243-98B1-8C9160BE017E}"
EndProject
Global
	GlobalSection(SolutionConfigurationPlatforms) = preSolution
		Debug|Any CPU = Debug|Any CPU
		Release|Any CPU = Release|Any CPU
	EndGlobalSection
	GlobalSection(ProjectConfigurationPlatforms) = postSolution
		{6A2DEEDA-F254-49B7-961A-C6CFE20789AE}.Debug|Any CPU.ActiveCfg = Debug|Any CPU
		{6A2DEEDA-F254-49B7-961A-C6CFE20789AE}.Debug|Any CPU.Build.0 = Debug|Any CPU
		{6A2DEEDA-F254-49B7-961A-C6CFE20789AE}.Release|Any CPU.ActiveCfg = Release|Any CPU
		{6A2DEEDA-F254-49B7-961A-C6CFE20789AE}.Release|Any CPU.Build.0 = Release|Any CPU
		{83ADCBA8-5429-4FE4-BFF8-FBA1ADB45BDA}.Debug|Any CPU.ActiveCfg = Debug|Any CPU
		{83ADCBA8-5429-4FE4-BFF8-FBA1ADB45BDA}.Debug|Any CPU.Build.0 = Debug|Any CPU
		{83ADCBA8-5429-4FE4-BFF8-FBA1ADB45BDA}.Release|Any CPU.ActiveCfg = Release|Any CPU
		{83ADCBA8-5429-4FE4-BFF8-FBA1ADB45BDA}.Release|Any CPU.Build.0 = Release|Any CPU
		{6F56E044-DBB2-4F4A-A20F-0D881E7A8E9E}.Debug|Any CPU.ActiveCfg = Debug|Any CPU
		{6F56E044-DBB2-4F4A-A20F-0D881E7A8E9E}.Debug|Any CPU.Build.0 = Debug|Any CPU
		{6F56E044-DBB2-4F4A-A20F-0D881E7A8E9E}.Release|Any CPU.ActiveCfg = Release|Any CPU
		{6F56E044-DBB2-4F4A-A20F-0D881E7A8E9E}.Release|Any CPU.Build.0 = Release|Any CPU
		{D0E54A90-6DB1-46DC-A530-DD5D3C8AF06F}.Debug|Any CPU.ActiveCfg = Debug|Any CPU
		{D0E54A90-6DB1-46DC-A530-DD5D3C8AF06F}.Debug|Any CPU.Build.0 = Debug|Any CPU
		{D0E54A90-6DB1-46DC-A530-DD5D3C8AF06F}.Release|Any CPU.ActiveCfg = Release|Any CPU
		{D0E54A90-6DB1-46DC-A530-DD5D3C8AF06F}.Release|Any CPU.Build.0 = Release|Any CPU
		{45C44059-72F5-4243-98B1-8C9160BE017E}.Debug|Any CPU.ActiveCfg = Debug|Any CPU
		{45C44059-72F5-4243-98B1-8C9160BE017E}.Debug|Any CPU.Build.0 = Debug|Any CPU
		{45C44059-72F5-4243-98B1-8C9160BE017E}.Release|Any CPU.ActiveCfg = Release|Any CPU
		{45C44059-72F5-4243-98B1-8C9160BE017E}.Release|Any CPU.Build.0 = Release|Any CPU
	EndGlobalSection
	GlobalSection(SolutionProperties) = preSolution
		HideSolutionNode = FALSE
	EndGlobalSection
	GlobalSection(NestedProjects) = preSolution
		{6A2DEEDA-F254-49B7-961A-C6CFE20789AE} = {6C36C0A5-B887-41CE-8211-48D659CF262B}
		{83ADCBA8-5429-4FE4-BFF8-FBA1ADB45BDA} = {D5894D2C-A799-49D5-9254-A2346CC6A0C2}
		{6F56E044-DBB2-4F4A-A20F-0D881E7A8E9E} = {D5894D2C-A799-49D5-9254-A2346CC6A0C2}
		{D0E54A90-6DB1-46DC-A530-DD5D3C8AF06F} = {92AC456C-FA62-4778-B59B-4294B09BED40}
		{45C44059-72F5-4243-98B1-8C9160BE017E} = {92AC456C-FA62-4778-B59B-4294B09BED40}
	EndGlobalSection
	GlobalSection(ExtensibilityGlobals) = postSolution
		SolutionGuid = {4DDC10DA-FC97-4D3C-A0A3-879C8D4A7AED}
	EndGlobalSection
EndGlobal
