
Microsoft Visual Studio Solution File, Format Version 12.00
# Visual Studio Version 17
VisualStudioVersion = 17.9.34723.18
MinimumVisualStudioVersion = 10.0.40219.1
Project("{FAE04EC0-301F-11D3-BF4B-00C04F79EFBC}") = "SP 01. Processees", "SP 01. Processees\SP 01. Processees.csproj", "{6A2DEEDA-F254-49B7-961A-C6CFE20789AE}"
EndProject
Project("{2150E333-8FDC-42A3-9474-1A3956D46DE8}") = "SP 01", "SP 01", "{6C36C0A5-B887-41CE-8211-48D659CF262B}"
EndProject
Global
	GlobalSection(SolutionConfigurationPlatforms) = preSolution
		Debug|Any CPU = Debug|Any CPU
		Release|Any CPU = Release|Any CPU
	EndGlobalSection
	GlobalSection(ProjectConfigurationPlatforms) = postSolution
		{6A2DEEDA-F254-49B7-961A-C6CFE20789AE}.Debug|Any CPU.ActiveCfg = Debug|Any CPU
		{6A2DEEDA-F254-49B7-961A-C6CFE20789AE}.Debug|Any CPU.Build.0 = Debug|Any CPU
		{6A2DEEDA-F254-49B7-961A-C6CFE20789AE}.Release|Any CPU.ActiveCfg = Release|Any CPU
		{6A2DEEDA-F254-49B7-961A-C6CFE20789AE}.Release|Any CPU.Build.0 = Release|Any CPU
	EndGlobalSection
	GlobalSection(SolutionProperties) = preSolution
		HideSolutionNode = FALSE
	EndGlobalSection
	GlobalSection(NestedProjects) = preSolution
		{6A2DEEDA-F254-49B7-961A-C6CFE20789AE} = {6C36C0A5-B887-41CE-8211-48D659CF262B}
	EndGlobalSection
	GlobalSection(ExtensibilityGlobals) = postSolution
		SolutionGuid = {4DDC10DA-FC97-4D3C-A0A3-879C8D4A7AED}
	EndGlobalSection
EndGlobal
