
Microsoft Visual Studio Solution File, Format Version 12.00
# Visual Studio Version 17
VisualStudioVersion = 17.9.34723.18
MinimumVisualStudioVersion = 10.0.40219.1
Project("{9A19103F-16F7-4668-BE54-9A1E7A4F7556}") = "SP 01. Processees", "SP 01. Processees\SP 01. Processees.csproj", "{6A2DEEDA-F254-49B7-961A-C6CFE20789AE}"
EndProject
Project("{2150E333-8FDC-42A3-9474-1A3956D46DE8}") = "SP 01", "SP 01", "{6C36C0A5-B887-41CE-8211-48D659CF262B}"
EndProject
Project("{2150E333-8FDC-42A3-9474-1A3956D46DE8}") = "SP 02", "SP 02", "{D5894D2C-A799-49D5-9254-A2346CC6A0C2}"
EndProject
Project("{9A19103F-16F7-4668-BE54-9A1E7A4F7556}") = "SP 02. Threads", "ConsoleApp1\SP 02. Threads.csproj", "{83ADCBA8-5429-4FE4-BFF8-FBA1ADB45BDA}"
EndProject
Project("{9A19103F-16F7-4668-BE54-9A1E7A4F7556}") = "SP 02. UI Thread", "SP 02. UI Thread\SP 02. UI Thread.csproj", "{6F56E044-DBB2-4F4A-A20F-0D881E7A8E9E}"
EndProject
Project("{2150E333-8FDC-42A3-9474-1A3956D46DE8}") = "SP 03", "SP 03", "{92AC456C-FA62-4778-B59B-4294B09BED40}"
EndProject
Project("{9A19103F-16F7-4668-BE54-9A1E7A4F7556}") = "SP 03. ThreadPool", "SP 03. ThreadPool\SP 03. ThreadPool.csproj", "{D0E54A90-6DB1-46DC-A530-DD5D3C8AF06F}"
EndProject
Project("{9A19103F-16F7-4668-BE54-9A1E7A4F7556}") = "SP 03. ThreadPool VS Thread", "SP 03. ThreadPool VS Thread\SP 03. ThreadPool VS Thread.csproj", "{45C44059-72F5-4243-98B1-8C9160BE017E}"
EndProject
Project("{2150E333-8FDC-42A3-9474-1A3956D46DE8}") = "SP 04", "SP 04", "{1692D771-3317-402F-821E-1BBDA19AE2A6}"
EndProject
Project("{9A19103F-16F7-4668-BE54-9A1E7A4F7556}") = "SP 04. Monitor, lock", "SP 04. Monitor, lock\SP 04. Monitor, lock.csproj", "{FE6D5609-ABC7-42D5-88AB-BCDB4BD6FE39}"
EndProject
Project("{2150E333-8FDC-42A3-9474-1A3956D46DE8}") = "SP 05", "SP 05", "{A4FD26CD-6394-4A6E-990B-A43B237148A2}"
EndProject
Project("{9A19103F-16F7-4668-BE54-9A1E7A4F7556}") = "SP 05. Mutex", "SP 05. Mutex\SP 05. Mutex.csproj", "{ADF031EC-7170-4579-BB39-5D31C5B29CFC}"
EndProject
Project("{9A19103F-16F7-4668-BE54-9A1E7A4F7556}") = "SP 05. Semaphore", "SP 05. Semaphore\SP 05. Semaphore.csproj", "{D65B1273-2EED-4829-9146-57BB14EBB8C1}"
EndProject
Project("{2150E333-8FDC-42A3-9474-1A3956D46DE8}") = "SP 06", "SP 06", "{2DB6930C-0AA1-4767-B213-7B8C75E3F433}"
EndProject
Project("{9A19103F-16F7-4668-BE54-9A1E7A4F7556}") = "SP 06. Cancellation Token", "SP 06. Cancellation Token\SP 06. Cancellation Token.csproj", "{87379B15-41AB-4650-A32A-4B6CE1BA97C0}"
EndProject
Project("{9A19103F-16F7-4668-BE54-9A1E7A4F7556}") = "SP 06. AutoResetEvent", "SP 06. AutoResetEvent\SP 06. AutoResetEvent.csproj", "{7AC3F920-8EE9-4CB6-8634-9CD6CFF24150}"
EndProject
Project("{9A19103F-16F7-4668-BE54-9A1E7A4F7556}") = "SP 06. TPL, Task", "SP 06. TPL, Task\SP 06. TPL, Task.csproj", "{F9D7DCD4-2D34-4BE4-9B6F-9FA44D223B55}"
EndProject
Project("{9A19103F-16F7-4668-BE54-9A1E7A4F7556}") = "SP 06. TPL, Task result", "SP 06. TPL, Task result\SP 06. TPL, Task result.csproj", "{3D63F261-C4BE-4FED-8688-E9855A27242F}"
EndProject
Project("{2150E333-8FDC-42A3-9474-1A3956D46DE8}") = "SP 07", "SP 07", "{AE97DD30-74ED-4C2A-9731-7428DCB7A19F}"
EndProject
Project("{9A19103F-16F7-4668-BE54-9A1E7A4F7556}") = "SP 07. Continuations", "SP 07. Continuations\SP 07. Continuations.csproj", "{4AA2FF06-8DDD-4AD0-BEA6-CA570B966980}"
EndProject
Project("{9A19103F-16F7-4668-BE54-9A1E7A4F7556}") = "SP 07. Continuations child task", "SP 07. Continuations child task\SP 07. Continuations child task.csproj", "{160C6F54-B77F-4F9C-9FAB-AC294614E4B3}"
EndProject
Project("{2150E333-8FDC-42A3-9474-1A3956D46DE8}") = "SP 08", "SP 08", "{C27E1454-6BD4-478C-B795-CFA3FC33AD0C}"
EndProject
Project("{FAE04EC0-301F-11D3-BF4B-00C04F79EFBC}") = "SP 08. async await", "SP 08. async await\SP 08. async await.csproj", "{CFC17DD0-478C-451A-B93C-F4CB1C8934C4}"
EndProject
Project("{FAE04EC0-301F-11D3-BF4B-00C04F79EFBC}") = "SP 08. async love", "SP 08. async love\SP 08. async love.csproj", "{DF53D44E-7AE4-4875-922E-B1FF77304718}"
EndProject
Project("{FAE04EC0-301F-11D3-BF4B-00C04F79EFBC}") = "SP 08. Async main", "SP 08. Async main\SP 08. Async main.csproj", "{C69FB1C3-E495-41F5-A7E9-914C13944AC8}"
EndProject
Project("{FAE04EC0-301F-11D3-BF4B-00C04F79EFBC}") = "SP 08. async Inside", "SP 08. async Inside\SP 08. async Inside.csproj", "{41A95172-C41D-4CE3-9EDD-8A1BAE7E304D}"
EndProject
Global
	GlobalSection(SolutionConfigurationPlatforms) = preSolution
		Debug|Any CPU = Debug|Any CPU
		Release|Any CPU = Release|Any CPU
	EndGlobalSection
	GlobalSection(ProjectConfigurationPlatforms) = postSolution
		{6A2DEEDA-F254-49B7-961A-C6CFE20789AE}.Debug|Any CPU.ActiveCfg = Debug|Any CPU
		{6A2DEEDA-F254-49B7-961A-C6CFE20789AE}.Debug|Any CPU.Build.0 = Debug|Any CPU
		{6A2DEEDA-F254-49B7-961A-C6CFE20789AE}.Release|Any CPU.ActiveCfg = Release|Any CPU
		{6A2DEEDA-F254-49B7-961A-C6CFE20789AE}.Release|Any CPU.Build.0 = Release|Any CPU
		{83ADCBA8-5429-4FE4-BFF8-FBA1ADB45BDA}.Debug|Any CPU.ActiveCfg = Debug|Any CPU
		{83ADCBA8-5429-4FE4-BFF8-FBA1ADB45BDA}.Debug|Any CPU.Build.0 = Debug|Any CPU
		{83ADCBA8-5429-4FE4-BFF8-FBA1ADB45BDA}.Release|Any CPU.ActiveCfg = Release|Any CPU
		{83ADCBA8-5429-4FE4-BFF8-FBA1ADB45BDA}.Release|Any CPU.Build.0 = Release|Any CPU
		{6F56E044-DBB2-4F4A-A20F-0D881E7A8E9E}.Debug|Any CPU.ActiveCfg = Debug|Any CPU
		{6F56E044-DBB2-4F4A-A20F-0D881E7A8E9E}.Debug|Any CPU.Build.0 = Debug|Any CPU
		{6F56E044-DBB2-4F4A-A20F-0D881E7A8E9E}.Release|Any CPU.ActiveCfg = Release|Any CPU
		{6F56E044-DBB2-4F4A-A20F-0D881E7A8E9E}.Release|Any CPU.Build.0 = Release|Any CPU
		{D0E54A90-6DB1-46DC-A530-DD5D3C8AF06F}.Debug|Any CPU.ActiveCfg = Debug|Any CPU
		{D0E54A90-6DB1-46DC-A530-DD5D3C8AF06F}.Debug|Any CPU.Build.0 = Debug|Any CPU
		{D0E54A90-6DB1-46DC-A530-DD5D3C8AF06F}.Release|Any CPU.ActiveCfg = Release|Any CPU
		{D0E54A90-6DB1-46DC-A530-DD5D3C8AF06F}.Release|Any CPU.Build.0 = Release|Any CPU
		{45C44059-72F5-4243-98B1-8C9160BE017E}.Debug|Any CPU.ActiveCfg = Debug|Any CPU
		{45C44059-72F5-4243-98B1-8C9160BE017E}.Debug|Any CPU.Build.0 = Debug|Any CPU
		{45C44059-72F5-4243-98B1-8C9160BE017E}.Release|Any CPU.ActiveCfg = Release|Any CPU
		{45C44059-72F5-4243-98B1-8C9160BE017E}.Release|Any CPU.Build.0 = Release|Any CPU
		{FE6D5609-ABC7-42D5-88AB-BCDB4BD6FE39}.Debug|Any CPU.ActiveCfg = Debug|Any CPU
		{FE6D5609-ABC7-42D5-88AB-BCDB4BD6FE39}.Debug|Any CPU.Build.0 = Debug|Any CPU
		{FE6D5609-ABC7-42D5-88AB-BCDB4BD6FE39}.Release|Any CPU.ActiveCfg = Release|Any CPU
		{FE6D5609-ABC7-42D5-88AB-BCDB4BD6FE39}.Release|Any CPU.Build.0 = Release|Any CPU
		{ADF031EC-7170-4579-BB39-5D31C5B29CFC}.Debug|Any CPU.ActiveCfg = Debug|Any CPU
		{ADF031EC-7170-4579-BB39-5D31C5B29CFC}.Debug|Any CPU.Build.0 = Debug|Any CPU
		{ADF031EC-7170-4579-BB39-5D31C5B29CFC}.Release|Any CPU.ActiveCfg = Release|Any CPU
		{ADF031EC-7170-4579-BB39-5D31C5B29CFC}.Release|Any CPU.Build.0 = Release|Any CPU
		{D65B1273-2EED-4829-9146-57BB14EBB8C1}.Debug|Any CPU.ActiveCfg = Debug|Any CPU
		{D65B1273-2EED-4829-9146-57BB14EBB8C1}.Debug|Any CPU.Build.0 = Debug|Any CPU
		{D65B1273-2EED-4829-9146-57BB14EBB8C1}.Release|Any CPU.ActiveCfg = Release|Any CPU
		{D65B1273-2EED-4829-9146-57BB14EBB8C1}.Release|Any CPU.Build.0 = Release|Any CPU
		{87379B15-41AB-4650-A32A-4B6CE1BA97C0}.Debug|Any CPU.ActiveCfg = Debug|Any CPU
		{87379B15-41AB-4650-A32A-4B6CE1BA97C0}.Debug|Any CPU.Build.0 = Debug|Any CPU
		{87379B15-41AB-4650-A32A-4B6CE1BA97C0}.Release|Any CPU.ActiveCfg = Release|Any CPU
		{87379B15-41AB-4650-A32A-4B6CE1BA97C0}.Release|Any CPU.Build.0 = Release|Any CPU
		{7AC3F920-8EE9-4CB6-8634-9CD6CFF24150}.Debug|Any CPU.ActiveCfg = Debug|Any CPU
		{7AC3F920-8EE9-4CB6-8634-9CD6CFF24150}.Debug|Any CPU.Build.0 = Debug|Any CPU
		{7AC3F920-8EE9-4CB6-8634-9CD6CFF24150}.Release|Any CPU.ActiveCfg = Release|Any CPU
		{7AC3F920-8EE9-4CB6-8634-9CD6CFF24150}.Release|Any CPU.Build.0 = Release|Any CPU
		{F9D7DCD4-2D34-4BE4-9B6F-9FA44D223B55}.Debug|Any CPU.ActiveCfg = Debug|Any CPU
		{F9D7DCD4-2D34-4BE4-9B6F-9FA44D223B55}.Debug|Any CPU.Build.0 = Debug|Any CPU
		{F9D7DCD4-2D34-4BE4-9B6F-9FA44D223B55}.Release|Any CPU.ActiveCfg = Release|Any CPU
		{F9D7DCD4-2D34-4BE4-9B6F-9FA44D223B55}.Release|Any CPU.Build.0 = Release|Any CPU
		{3D63F261-C4BE-4FED-8688-E9855A27242F}.Debug|Any CPU.ActiveCfg = Debug|Any CPU
		{3D63F261-C4BE-4FED-8688-E9855A27242F}.Debug|Any CPU.Build.0 = Debug|Any CPU
		{3D63F261-C4BE-4FED-8688-E9855A27242F}.Release|Any CPU.ActiveCfg = Release|Any CPU
		{3D63F261-C4BE-4FED-8688-E9855A27242F}.Release|Any CPU.Build.0 = Release|Any CPU
		{4AA2FF06-8DDD-4AD0-BEA6-CA570B966980}.Debug|Any CPU.ActiveCfg = Debug|Any CPU
		{4AA2FF06-8DDD-4AD0-BEA6-CA570B966980}.Debug|Any CPU.Build.0 = Debug|Any CPU
		{4AA2FF06-8DDD-4AD0-BEA6-CA570B966980}.Release|Any CPU.ActiveCfg = Release|Any CPU
		{4AA2FF06-8DDD-4AD0-BEA6-CA570B966980}.Release|Any CPU.Build.0 = Release|Any CPU
		{160C6F54-B77F-4F9C-9FAB-AC294614E4B3}.Debug|Any CPU.ActiveCfg = Debug|Any CPU
		{160C6F54-B77F-4F9C-9FAB-AC294614E4B3}.Debug|Any CPU.Build.0 = Debug|Any CPU
		{160C6F54-B77F-4F9C-9FAB-AC294614E4B3}.Release|Any CPU.ActiveCfg = Release|Any CPU
		{160C6F54-B77F-4F9C-9FAB-AC294614E4B3}.Release|Any CPU.Build.0 = Release|Any CPU
		{CFC17DD0-478C-451A-B93C-F4CB1C8934C4}.Debug|Any CPU.ActiveCfg = Debug|Any CPU
		{CFC17DD0-478C-451A-B93C-F4CB1C8934C4}.Debug|Any CPU.Build.0 = Debug|Any CPU
		{CFC17DD0-478C-451A-B93C-F4CB1C8934C4}.Release|Any CPU.ActiveCfg = Release|Any CPU
		{CFC17DD0-478C-451A-B93C-F4CB1C8934C4}.Release|Any CPU.Build.0 = Release|Any CPU
		{DF53D44E-7AE4-4875-922E-B1FF77304718}.Debug|Any CPU.ActiveCfg = Debug|Any CPU
		{DF53D44E-7AE4-4875-922E-B1FF77304718}.Debug|Any CPU.Build.0 = Debug|Any CPU
		{DF53D44E-7AE4-4875-922E-B1FF77304718}.Release|Any CPU.ActiveCfg = Release|Any CPU
		{DF53D44E-7AE4-4875-922E-B1FF77304718}.Release|Any CPU.Build.0 = Release|Any CPU
		{C69FB1C3-E495-41F5-A7E9-914C13944AC8}.Debug|Any CPU.ActiveCfg = Debug|Any CPU
		{C69FB1C3-E495-41F5-A7E9-914C13944AC8}.Debug|Any CPU.Build.0 = Debug|Any CPU
		{C69FB1C3-E495-41F5-A7E9-914C13944AC8}.Release|Any CPU.ActiveCfg = Release|Any CPU
		{C69FB1C3-E495-41F5-A7E9-914C13944AC8}.Release|Any CPU.Build.0 = Release|Any CPU
		{41A95172-C41D-4CE3-9EDD-8A1BAE7E304D}.Debug|Any CPU.ActiveCfg = Debug|Any CPU
		{41A95172-C41D-4CE3-9EDD-8A1BAE7E304D}.Debug|Any CPU.Build.0 = Debug|Any CPU
		{41A95172-C41D-4CE3-9EDD-8A1BAE7E304D}.Release|Any CPU.ActiveCfg = Release|Any CPU
		{41A95172-C41D-4CE3-9EDD-8A1BAE7E304D}.Release|Any CPU.Build.0 = Release|Any CPU
	EndGlobalSection
	GlobalSection(SolutionProperties) = preSolution
		HideSolutionNode = FALSE
	EndGlobalSection
	GlobalSection(NestedProjects) = preSolution
		{6A2DEEDA-F254-49B7-961A-C6CFE20789AE} = {6C36C0A5-B887-41CE-8211-48D659CF262B}
		{83ADCBA8-5429-4FE4-BFF8-FBA1ADB45BDA} = {D5894D2C-A799-49D5-9254-A2346CC6A0C2}
		{6F56E044-DBB2-4F4A-A20F-0D881E7A8E9E} = {D5894D2C-A799-49D5-9254-A2346CC6A0C2}
		{D0E54A90-6DB1-46DC-A530-DD5D3C8AF06F} = {92AC456C-FA62-4778-B59B-4294B09BED40}
		{45C44059-72F5-4243-98B1-8C9160BE017E} = {92AC456C-FA62-4778-B59B-4294B09BED40}
		{FE6D5609-ABC7-42D5-88AB-BCDB4BD6FE39} = {1692D771-3317-402F-821E-1BBDA19AE2A6}
		{ADF031EC-7170-4579-BB39-5D31C5B29CFC} = {A4FD26CD-6394-4A6E-990B-A43B237148A2}
		{D65B1273-2EED-4829-9146-57BB14EBB8C1} = {A4FD26CD-6394-4A6E-990B-A43B237148A2}
		{87379B15-41AB-4650-A32A-4B6CE1BA97C0} = {2DB6930C-0AA1-4767-B213-7B8C75E3F433}
		{7AC3F920-8EE9-4CB6-8634-9CD6CFF24150} = {2DB6930C-0AA1-4767-B213-7B8C75E3F433}
		{F9D7DCD4-2D34-4BE4-9B6F-9FA44D223B55} = {2DB6930C-0AA1-4767-B213-7B8C75E3F433}
		{3D63F261-C4BE-4FED-8688-E9855A27242F} = {2DB6930C-0AA1-4767-B213-7B8C75E3F433}
		{4AA2FF06-8DDD-4AD0-BEA6-CA570B966980} = {AE97DD30-74ED-4C2A-9731-7428DCB7A19F}
		{160C6F54-B77F-4F9C-9FAB-AC294614E4B3} = {AE97DD30-74ED-4C2A-9731-7428DCB7A19F}
		{CFC17DD0-478C-451A-B93C-F4CB1C8934C4} = {C27E1454-6BD4-478C-B795-CFA3FC33AD0C}
		{DF53D44E-7AE4-4875-922E-B1FF77304718} = {C27E1454-6BD4-478C-B795-CFA3FC33AD0C}
		{C69FB1C3-E495-41F5-A7E9-914C13944AC8} = {C27E1454-6BD4-478C-B795-CFA3FC33AD0C}
		{41A95172-C41D-4CE3-9EDD-8A1BAE7E304D} = {C27E1454-6BD4-478C-B795-CFA3FC33AD0C}
	EndGlobalSection
	GlobalSection(ExtensibilityGlobals) = postSolution
		SolutionGuid = {4DDC10DA-FC97-4D3C-A0A3-879C8D4A7AED}
	EndGlobalSection
EndGlobal
